
Microsoft Visual Studio Solution File, Format Version 12.00
# Visual Studio Version 16
VisualStudioVersion = 16.0.30320.27
MinimumVisualStudioVersion = 10.0.40219.1
Project("{9A19103F-16F7-4668-BE54-9A1E7A4F7556}") = "SoftwareSurvey", "SoftwareSurvey\SoftwareSurvey.csproj", "{E5061BDE-5545-43AB-B971-5C87650C9012}"
EndProject
Project("{9A19103F-16F7-4668-BE54-9A1E7A4F7556}") = "SoftwareSurvey.UnitTests", "SoftwareSurvey.UnitTests\SoftwareSurvey.UnitTests.csproj", "{4364EC0C-263A-4F4B-8D00-E42DC48456E7}"
EndProject
Project("{9A19103F-16F7-4668-BE54-9A1E7A4F7556}") = "SoftwareSurvey.Models", "SoftwareSurvey.Models\SoftwareSurvey.Models.csproj", "{BF0DCADB-E1AD-4FBE-A97F-1059C162E53E}"
EndProject
Project("{9A19103F-16F7-4668-BE54-9A1E7A4F7556}") = "SoftwareSurvey.E2ETests", "SoftwareSurvey.E2ETests\SoftwareSurvey.E2ETests.csproj", "{942F8B6A-67F3-48EB-A540-8F77FBFEECDF}"
EndProject
Global
	GlobalSection(SolutionConfigurationPlatforms) = preSolution
		Debug|Any CPU = Debug|Any CPU
		Release|Any CPU = Release|Any CPU
	EndGlobalSection
	GlobalSection(ProjectConfigurationPlatforms) = postSolution
		{E5061BDE-5545-43AB-B971-5C87650C9012}.Debug|Any CPU.ActiveCfg = Debug|Any CPU
		{E5061BDE-5545-43AB-B971-5C87650C9012}.Debug|Any CPU.Build.0 = Debug|Any CPU
		{E5061BDE-5545-43AB-B971-5C87650C9012}.Release|Any CPU.ActiveCfg = Release|Any CPU
		{E5061BDE-5545-43AB-B971-5C87650C9012}.Release|Any CPU.Build.0 = Release|Any CPU
		{4364EC0C-263A-4F4B-8D00-E42DC48456E7}.Debug|Any CPU.ActiveCfg = Debug|Any CPU
		{4364EC0C-263A-4F4B-8D00-E42DC48456E7}.Debug|Any CPU.Build.0 = Debug|Any CPU
		{4364EC0C-263A-4F4B-8D00-E42DC48456E7}.Release|Any CPU.ActiveCfg = Release|Any CPU
		{4364EC0C-263A-4F4B-8D00-E42DC48456E7}.Release|Any CPU.Build.0 = Release|Any CPU
		{BF0DCADB-E1AD-4FBE-A97F-1059C162E53E}.Debug|Any CPU.ActiveCfg = Debug|Any CPU
		{BF0DCADB-E1AD-4FBE-A97F-1059C162E53E}.Debug|Any CPU.Build.0 = Debug|Any CPU
		{BF0DCADB-E1AD-4FBE-A97F-1059C162E53E}.Release|Any CPU.ActiveCfg = Release|Any CPU
		{BF0DCADB-E1AD-4FBE-A97F-1059C162E53E}.Release|Any CPU.Build.0 = Release|Any CPU
		{942F8B6A-67F3-48EB-A540-8F77FBFEECDF}.Debug|Any CPU.ActiveCfg = Debug|Any CPU
		{942F8B6A-67F3-48EB-A540-8F77FBFEECDF}.Debug|Any CPU.Build.0 = Debug|Any CPU
		{942F8B6A-67F3-48EB-A540-8F77FBFEECDF}.Release|Any CPU.ActiveCfg = Release|Any CPU
		{942F8B6A-67F3-48EB-A540-8F77FBFEECDF}.Release|Any CPU.Build.0 = Release|Any CPU
	EndGlobalSection
	GlobalSection(SolutionProperties) = preSolution
		HideSolutionNode = FALSE
	EndGlobalSection
	GlobalSection(ExtensibilityGlobals) = postSolution
		SolutionGuid = {EAEF15D2-4CBC-4E1D-B572-CA8A0A1B4621}
	EndGlobalSection
EndGlobal
